// !$*UTF8*$!
{
	archiveVersion = 1;
	classes = {
	};
	objectVersion = 51;
	objects = {

/* Begin PBXBuildFile section */
		72B78846A9FF95DF4604AA94 /* Pods_PaymentTest.framework in Frameworks */ = {isa = PBXBuildFile; fileRef = B1EE7DC4D69C724A33CB79B9 /* Pods_PaymentTest.framework */; };
		FA0DA0BA248E5BBE00F05BCB /* AppDelegate.swift in Sources */ = {isa = PBXBuildFile; fileRef = FA0DA0B9248E5BBE00F05BCB /* AppDelegate.swift */; };
		FA0DA0BC248E5BBE00F05BCB /* SceneDelegate.swift in Sources */ = {isa = PBXBuildFile; fileRef = FA0DA0BB248E5BBE00F05BCB /* SceneDelegate.swift */; };
		FA0DA0C3248E5BC000F05BCB /* Assets.xcassets in Resources */ = {isa = PBXBuildFile; fileRef = FA0DA0C2248E5BC000F05BCB /* Assets.xcassets */; };
		FA0DA0C6248E5BC000F05BCB /* LaunchScreen.storyboard in Resources */ = {isa = PBXBuildFile; fileRef = FA0DA0C4248E5BC000F05BCB /* LaunchScreen.storyboard */; };
		FA0DA0D5248E6AE400F05BCB /* ViewController.swift in Sources */ = {isa = PBXBuildFile; fileRef = FA0DA0D3248E6AE400F05BCB /* ViewController.swift */; };
		FA0DA0D6248E6AE400F05BCB /* ViewController.xib in Resources */ = {isa = PBXBuildFile; fileRef = FA0DA0D4248E6AE400F05BCB /* ViewController.xib */; };
		FA0DA0DD248E786700F05BCB /* SecondViewController.swift in Sources */ = {isa = PBXBuildFile; fileRef = FA0DA0DB248E786700F05BCB /* SecondViewController.swift */; };
		FA0DA0DE248E786700F05BCB /* SecondViewController.xib in Resources */ = {isa = PBXBuildFile; fileRef = FA0DA0DC248E786700F05BCB /* SecondViewController.xib */; };
/* End PBXBuildFile section */

/* Begin PBXFileReference section */
		1FBD7C03B5B7BEFB3DB0D07E /* Pods-PaymentTest.release.xcconfig */ = {isa = PBXFileReference; includeInIndex = 1; lastKnownFileType = text.xcconfig; name = "Pods-PaymentTest.release.xcconfig"; path = "Target Support Files/Pods-PaymentTest/Pods-PaymentTest.release.xcconfig"; sourceTree = "<group>"; };
		404A550C2B1A1D50DAB0EFFE /* Pods-PaymentTest.debug.xcconfig */ = {isa = PBXFileReference; includeInIndex = 1; lastKnownFileType = text.xcconfig; name = "Pods-PaymentTest.debug.xcconfig"; path = "Target Support Files/Pods-PaymentTest/Pods-PaymentTest.debug.xcconfig"; sourceTree = "<group>"; };
		B1EE7DC4D69C724A33CB79B9 /* Pods_PaymentTest.framework */ = {isa = PBXFileReference; explicitFileType = wrapper.framework; includeInIndex = 0; path = Pods_PaymentTest.framework; sourceTree = BUILT_PRODUCTS_DIR; };
		FA0DA0B6248E5BBE00F05BCB /* PaymentTest.app */ = {isa = PBXFileReference; explicitFileType = wrapper.application; includeInIndex = 0; path = PaymentTest.app; sourceTree = BUILT_PRODUCTS_DIR; };
		FA0DA0B9248E5BBE00F05BCB /* AppDelegate.swift */ = {isa = PBXFileReference; lastKnownFileType = sourcecode.swift; path = AppDelegate.swift; sourceTree = "<group>"; };
		FA0DA0BB248E5BBE00F05BCB /* SceneDelegate.swift */ = {isa = PBXFileReference; lastKnownFileType = sourcecode.swift; path = SceneDelegate.swift; sourceTree = "<group>"; };
		FA0DA0C2248E5BC000F05BCB /* Assets.xcassets */ = {isa = PBXFileReference; lastKnownFileType = folder.assetcatalog; path = Assets.xcassets; sourceTree = "<group>"; };
		FA0DA0C5248E5BC000F05BCB /* Base */ = {isa = PBXFileReference; lastKnownFileType = file.storyboard; name = Base; path = Base.lproj/LaunchScreen.storyboard; sourceTree = "<group>"; };
		FA0DA0C7248E5BC000F05BCB /* Info.plist */ = {isa = PBXFileReference; lastKnownFileType = text.plist.xml; path = Info.plist; sourceTree = "<group>"; };
		FA0DA0D3248E6AE400F05BCB /* ViewController.swift */ = {isa = PBXFileReference; lastKnownFileType = sourcecode.swift; path = ViewController.swift; sourceTree = "<group>"; };
		FA0DA0D4248E6AE400F05BCB /* ViewController.xib */ = {isa = PBXFileReference; lastKnownFileType = file.xib; path = ViewController.xib; sourceTree = "<group>"; };
		FA0DA0DB248E786700F05BCB /* SecondViewController.swift */ = {isa = PBXFileReference; lastKnownFileType = sourcecode.swift; path = SecondViewController.swift; sourceTree = "<group>"; };
		FA0DA0DC248E786700F05BCB /* SecondViewController.xib */ = {isa = PBXFileReference; lastKnownFileType = file.xib; path = SecondViewController.xib; sourceTree = "<group>"; };
/* End PBXFileReference section */

/* Begin PBXFrameworksBuildPhase section */
		FA0DA0B3248E5BBE00F05BCB /* Frameworks */ = {
			isa = PBXFrameworksBuildPhase;
			buildActionMask = 2147483647;
			files = (
				72B78846A9FF95DF4604AA94 /* Pods_PaymentTest.framework in Frameworks */,
			);
			runOnlyForDeploymentPostprocessing = 0;
		};
/* End PBXFrameworksBuildPhase section */

/* Begin PBXGroup section */
		B0A7BF6921AC2F74E97F5DA5 /* Frameworks */ = {
			isa = PBXGroup;
			children = (
				B1EE7DC4D69C724A33CB79B9 /* Pods_PaymentTest.framework */,
			);
			name = Frameworks;
			sourceTree = "<group>";
		};
		E7F3AA120B0892B10EAC48C1 /* Pods */ = {
			isa = PBXGroup;
			children = (
				404A550C2B1A1D50DAB0EFFE /* Pods-PaymentTest.debug.xcconfig */,
				1FBD7C03B5B7BEFB3DB0D07E /* Pods-PaymentTest.release.xcconfig */,
			);
			path = Pods;
			sourceTree = "<group>";
		};
		FA0DA0AD248E5BBE00F05BCB = {
			isa = PBXGroup;
			children = (
				FA0DA0B8248E5BBE00F05BCB /* PaymentTest */,
				FA0DA0B7248E5BBE00F05BCB /* Products */,
				E7F3AA120B0892B10EAC48C1 /* Pods */,
				B0A7BF6921AC2F74E97F5DA5 /* Frameworks */,
			);
			sourceTree = "<group>";
		};
		FA0DA0B7248E5BBE00F05BCB /* Products */ = {
			isa = PBXGroup;
			children = (
				FA0DA0B6248E5BBE00F05BCB /* PaymentTest.app */,
			);
			name = Products;
			sourceTree = "<group>";
		};
		FA0DA0B8248E5BBE00F05BCB /* PaymentTest */ = {
			isa = PBXGroup;
			children = (
				FA0DA0B9248E5BBE00F05BCB /* AppDelegate.swift */,
				FA0DA0BB248E5BBE00F05BCB /* SceneDelegate.swift */,
				FA0DA0DF248E7E5300F05BCB /* Variant1 */,
				FA0DA0C2248E5BC000F05BCB /* Assets.xcassets */,
				FA0DA0C4248E5BC000F05BCB /* LaunchScreen.storyboard */,
				FA0DA0C7248E5BC000F05BCB /* Info.plist */,
			);
			path = PaymentTest;
			sourceTree = "<group>";
		};
		FA0DA0DF248E7E5300F05BCB /* Variant1 */ = {
			isa = PBXGroup;
			children = (
				FA0DA0D3248E6AE400F05BCB /* ViewController.swift */,
				FA0DA0D4248E6AE400F05BCB /* ViewController.xib */,
				FA0DA0DB248E786700F05BCB /* SecondViewController.swift */,
				FA0DA0DC248E786700F05BCB /* SecondViewController.xib */,
			);
			path = Variant1;
			sourceTree = "<group>";
		};
/* End PBXGroup section */

/* Begin PBXNativeTarget section */
		FA0DA0B5248E5BBE00F05BCB /* PaymentTest */ = {
			isa = PBXNativeTarget;
			buildConfigurationList = FA0DA0CA248E5BC000F05BCB /* Build configuration list for PBXNativeTarget "PaymentTest" */;
			buildPhases = (
				0D771D057E8792DB2C062672 /* [CP] Check Pods Manifest.lock */,
				FA0DA0B2248E5BBE00F05BCB /* Sources */,
				FA0DA0B3248E5BBE00F05BCB /* Frameworks */,
				FA0DA0B4248E5BBE00F05BCB /* Resources */,
				8ECA0C5162E3BEAB13E2A349 /* [CP] Embed Pods Frameworks */,
			);
			buildRules = (
			);
			dependencies = (
			);
			name = PaymentTest;
			productName = PaymentTest;
			productReference = FA0DA0B6248E5BBE00F05BCB /* PaymentTest.app */;
			productType = "com.apple.product-type.application";
		};
/* End PBXNativeTarget section */

/* Begin PBXProject section */
		FA0DA0AE248E5BBE00F05BCB /* Project object */ = {
			isa = PBXProject;
			attributes = {
				LastSwiftUpdateCheck = 1130;
				LastUpgradeCheck = 1130;
				ORGANIZATIONNAME = Egor;
				TargetAttributes = {
					FA0DA0B5248E5BBE00F05BCB = {
						CreatedOnToolsVersion = 11.3.1;
					};
				};
			};
			buildConfigurationList = FA0DA0B1248E5BBE00F05BCB /* Build configuration list for PBXProject "PaymentTest" */;
			compatibilityVersion = "Xcode 9.3";
			developmentRegion = en;
			hasScannedForEncodings = 0;
			knownRegions = (
				en,
				Base,
			);
			mainGroup = FA0DA0AD248E5BBE00F05BCB;
			productRefGroup = FA0DA0B7248E5BBE00F05BCB /* Products */;
			projectDirPath = "";
			projectRoot = "";
			targets = (
				FA0DA0B5248E5BBE00F05BCB /* PaymentTest */,
			);
		};
/* End PBXProject section */

/* Begin PBXResourcesBuildPhase section */
		FA0DA0B4248E5BBE00F05BCB /* Resources */ = {
			isa = PBXResourcesBuildPhase;
			buildActionMask = 2147483647;
			files = (
				FA0DA0DE248E786700F05BCB /* SecondViewController.xib in Resources */,
				FA0DA0D6248E6AE400F05BCB /* ViewController.xib in Resources */,
				FA0DA0C6248E5BC000F05BCB /* LaunchScreen.storyboard in Resources */,
				FA0DA0C3248E5BC000F05BCB /* Assets.xcassets in Resources */,
			);
			runOnlyForDeploymentPostprocessing = 0;
		};
/* End PBXResourcesBuildPhase section */

/* Begin PBXShellScriptBuildPhase section */
		0D771D057E8792DB2C062672 /* [CP] Check Pods Manifest.lock */ = {
			isa = PBXShellScriptBuildPhase;
			buildActionMask = 2147483647;
			files = (
			);
			inputFileListPaths = (
			);
			inputPaths = (
				"${PODS_PODFILE_DIR_PATH}/Podfile.lock",
				"${PODS_ROOT}/Manifest.lock",
			);
			name = "[CP] Check Pods Manifest.lock";
			outputFileListPaths = (
			);
			outputPaths = (
				"$(DERIVED_FILE_DIR)/Pods-PaymentTest-checkManifestLockResult.txt",
			);
			runOnlyForDeploymentPostprocessing = 0;
			shellPath = /bin/sh;
			shellScript = "diff \"${PODS_PODFILE_DIR_PATH}/Podfile.lock\" \"${PODS_ROOT}/Manifest.lock\" > /dev/null\nif [ $? != 0 ] ; then\n    # print error to STDERR\n    echo \"error: The sandbox is not in sync with the Podfile.lock. Run 'pod install' or update your CocoaPods installation.\" >&2\n    exit 1\nfi\n# This output is used by Xcode 'outputs' to avoid re-running this script phase.\necho \"SUCCESS\" > \"${SCRIPT_OUTPUT_FILE_0}\"\n";
			showEnvVarsInLog = 0;
		};
		8ECA0C5162E3BEAB13E2A349 /* [CP] Embed Pods Frameworks */ = {
			isa = PBXShellScriptBuildPhase;
			buildActionMask = 2147483647;
			files = (
			);
			inputFileListPaths = (
				"${PODS_ROOT}/Target Support Files/Pods-PaymentTest/Pods-PaymentTest-frameworks-${CONFIGURATION}-input-files.xcfilelist",
			);
			name = "[CP] Embed Pods Frameworks";
			outputFileListPaths = (
				"${PODS_ROOT}/Target Support Files/Pods-PaymentTest/Pods-PaymentTest-frameworks-${CONFIGURATION}-output-files.xcfilelist",
			);
			runOnlyForDeploymentPostprocessing = 0;
			shellPath = /bin/sh;
			shellScript = "\"${PODS_ROOT}/Target Support Files/Pods-PaymentTest/Pods-PaymentTest-frameworks.sh\"\n";
			showEnvVarsInLog = 0;
		};
/* End PBXShellScriptBuildPhase section */

/* Begin PBXSourcesBuildPhase section */
		FA0DA0B2248E5BBE00F05BCB /* Sources */ = {
			isa = PBXSourcesBuildPhase;
			buildActionMask = 2147483647;
			files = (
				FA0DA0DD248E786700F05BCB /* SecondViewController.swift in Sources */,
				FA0DA0BA248E5BBE00F05BCB /* AppDelegate.swift in Sources */,
				FA0DA0D5248E6AE400F05BCB /* ViewController.swift in Sources */,
				FA0DA0BC248E5BBE00F05BCB /* SceneDelegate.swift in Sources */,
			);
			runOnlyForDeploymentPostprocessing = 0;
		};
/* End PBXSourcesBuildPhase section */

/* Begin PBXVariantGroup section */
		FA0DA0C4248E5BC000F05BCB /* LaunchScreen.storyboard */ = {
			isa = PBXVariantGroup;
			children = (
				FA0DA0C5248E5BC000F05BCB /* Base */,
			);
			name = LaunchScreen.storyboard;
			sourceTree = "<group>";
		};
/* End PBXVariantGroup section */

/* Begin XCBuildConfiguration section */
		FA0DA0C8248E5BC000F05BCB /* Debug */ = {
			isa = XCBuildConfiguration;
			buildSettings = {
				ALWAYS_SEARCH_USER_PATHS = NO;
				CLANG_ANALYZER_NONNULL = YES;
				CLANG_ANALYZER_NUMBER_OBJECT_CONVERSION = YES_AGGRESSIVE;
				CLANG_CXX_LANGUAGE_STANDARD = "gnu++14";
				CLANG_CXX_LIBRARY = "libc++";
				CLANG_ENABLE_MODULES = YES;
				CLANG_ENABLE_OBJC_ARC = YES;
				CLANG_ENABLE_OBJC_WEAK = YES;
				CLANG_WARN_BLOCK_CAPTURE_AUTORELEASING = YES;
				CLANG_WARN_BOOL_CONVERSION = YES;
				CLANG_WARN_COMMA = YES;
				CLANG_WARN_CONSTANT_CONVERSION = YES;
				CLANG_WARN_DEPRECATED_OBJC_IMPLEMENTATIONS = YES;
				CLANG_WARN_DIRECT_OBJC_ISA_USAGE = YES_ERROR;
				CLANG_WARN_DOCUMENTATION_COMMENTS = YES;
				CLANG_WARN_EMPTY_BODY = YES;
				CLANG_WARN_ENUM_CONVERSION = YES;
				CLANG_WARN_INFINITE_RECURSION = YES;
				CLANG_WARN_INT_CONVERSION = YES;
				CLANG_WARN_NON_LITERAL_NULL_CONVERSION = YES;
				CLANG_WARN_OBJC_IMPLICIT_RETAIN_SELF = YES;
				CLANG_WARN_OBJC_LITERAL_CONVERSION = YES;
				CLANG_WARN_OBJC_ROOT_CLASS = YES_ERROR;
				CLANG_WARN_RANGE_LOOP_ANALYSIS = YES;
				CLANG_WARN_STRICT_PROTOTYPES = YES;
				CLANG_WARN_SUSPICIOUS_MOVE = YES;
				CLANG_WARN_UNGUARDED_AVAILABILITY = YES_AGGRESSIVE;
				CLANG_WARN_UNREACHABLE_CODE = YES;
				CLANG_WARN__DUPLICATE_METHOD_MATCH = YES;
				COPY_PHASE_STRIP = NO;
				DEBUG_INFORMATION_FORMAT = dwarf;
				ENABLE_STRICT_OBJC_MSGSEND = YES;
				ENABLE_TESTABILITY = YES;
				GCC_C_LANGUAGE_STANDARD = gnu11;
				GCC_DYNAMIC_NO_PIC = NO;
				GCC_NO_COMMON_BLOCKS = YES;
				GCC_OPTIMIZATION_LEVEL = 0;
				GCC_PREPROCESSOR_DEFINITIONS = (
					"DEBUG=1",
					"$(inherited)",
				);
				GCC_WARN_64_TO_32_BIT_CONVERSION = YES;
				GCC_WARN_ABOUT_RETURN_TYPE = YES_ERROR;
				GCC_WARN_UNDECLARED_SELECTOR = YES;
				GCC_WARN_UNINITIALIZED_AUTOS = YES_AGGRESSIVE;
				GCC_WARN_UNUSED_FUNCTION = YES;
				GCC_WARN_UNUSED_VARIABLE = YES;
				IPHONEOS_DEPLOYMENT_TARGET = 10.0;
				MTL_ENABLE_DEBUG_INFO = INCLUDE_SOURCE;
				MTL_FAST_MATH = YES;
				ONLY_ACTIVE_ARCH = YES;
				SDKROOT = iphoneos;
				SWIFT_ACTIVE_COMPILATION_CONDITIONS = DEBUG;
				SWIFT_OPTIMIZATION_LEVEL = "-Onone";
			};
			name = Debug;
		};
		FA0DA0C9248E5BC000F05BCB /* Release */ = {
			isa = XCBuildConfiguration;
			buildSettings = {
				ALWAYS_SEARCH_USER_PATHS = NO;
				CLANG_ANALYZER_NONNULL = YES;
				CLANG_ANALYZER_NUMBER_OBJECT_CONVERSION = YES_AGGRESSIVE;
				CLANG_CXX_LANGUAGE_STANDARD = "gnu++14";
				CLANG_CXX_LIBRARY = "libc++";
				CLANG_ENABLE_MODULES = YES;
				CLANG_ENABLE_OBJC_ARC = YES;
				CLANG_ENABLE_OBJC_WEAK = YES;
				CLANG_WARN_BLOCK_CAPTURE_AUTORELEASING = YES;
				CLANG_WARN_BOOL_CONVERSION = YES;
				CLANG_WARN_COMMA = YES;
				CLANG_WARN_CONSTANT_CONVERSION = YES;
				CLANG_WARN_DEPRECATED_OBJC_IMPLEMENTATIONS = YES;
				CLANG_WARN_DIRECT_OBJC_ISA_USAGE = YES_ERROR;
				CLANG_WARN_DOCUMENTATION_COMMENTS = YES;
				CLANG_WARN_EMPTY_BODY = YES;
				CLANG_WARN_ENUM_CONVERSION = YES;
				CLANG_WARN_INFINITE_RECURSION = YES;
				CLANG_WARN_INT_CONVERSION = YES;
				CLANG_WARN_NON_LITERAL_NULL_CONVERSION = YES;
				CLANG_WARN_OBJC_IMPLICIT_RETAIN_SELF = YES;
				CLANG_WARN_OBJC_LITERAL_CONVERSION = YES;
				CLANG_WARN_OBJC_ROOT_CLASS = YES_ERROR;
				CLANG_WARN_RANGE_LOOP_ANALYSIS = YES;
				CLANG_WARN_STRICT_PROTOTYPES = YES;
				CLANG_WARN_SUSPICIOUS_MOVE = YES;
				CLANG_WARN_UNGUARDED_AVAILABILITY = YES_AGGRESSIVE;
				CLANG_WARN_UNREACHABLE_CODE = YES;
				CLANG_WARN__DUPLICATE_METHOD_MATCH = YES;
				COPY_PHASE_STRIP = NO;
				DEBUG_INFORMATION_FORMAT = "dwarf-with-dsym";
				ENABLE_NS_ASSERTIONS = NO;
				ENABLE_STRICT_OBJC_MSGSEND = YES;
				GCC_C_LANGUAGE_STANDARD = gnu11;
				GCC_NO_COMMON_BLOCKS = YES;
				GCC_WARN_64_TO_32_BIT_CONVERSION = YES;
				GCC_WARN_ABOUT_RETURN_TYPE = YES_ERROR;
				GCC_WARN_UNDECLARED_SELECTOR = YES;
				GCC_WARN_UNINITIALIZED_AUTOS = YES_AGGRESSIVE;
				GCC_WARN_UNUSED_FUNCTION = YES;
				GCC_WARN_UNUSED_VARIABLE = YES;
				IPHONEOS_DEPLOYMENT_TARGET = 10.0;
				MTL_ENABLE_DEBUG_INFO = NO;
				MTL_FAST_MATH = YES;
				SDKROOT = iphoneos;
				SWIFT_COMPILATION_MODE = wholemodule;
				SWIFT_OPTIMIZATION_LEVEL = "-O";
				VALIDATE_PRODUCT = YES;
			};
			name = Release;
		};
		FA0DA0CB248E5BC000F05BCB /* Debug */ = {
			isa = XCBuildConfiguration;
			baseConfigurationReference = 404A550C2B1A1D50DAB0EFFE /* Pods-PaymentTest.debug.xcconfig */;
			buildSettings = {
				ASSETCATALOG_COMPILER_APPICON_NAME = AppIcon;
				CODE_SIGN_STYLE = Automatic;
				INFOPLIST_FILE = PaymentTest/Info.plist;
				LD_RUNPATH_SEARCH_PATHS = (
					"$(inherited)",
					"@executable_path/Frameworks",
				);
				PRODUCT_BUNDLE_IDENTIFIER = EGladun.PaymentTest;
				PRODUCT_NAME = "$(TARGET_NAME)";
				SWIFT_VERSION = 4.2;
				TARGETED_DEVICE_FAMILY = "1,2";
			};
			name = Debug;
		};
		FA0DA0CC248E5BC000F05BCB /* Release */ = {
			isa = XCBuildConfiguration;
			baseConfigurationReference = 1FBD7C03B5B7BEFB3DB0D07E /* Pods-PaymentTest.release.xcconfig */;
			buildSettings = {
				ASSETCATALOG_COMPILER_APPICON_NAME = AppIcon;
				CODE_SIGN_STYLE = Automatic;
				INFOPLIST_FILE = PaymentTest/Info.plist;
				LD_RUNPATH_SEARCH_PATHS = (
					"$(inherited)",
					"@executable_path/Frameworks",
				);
				PRODUCT_BUNDLE_IDENTIFIER = EGladun.PaymentTest;
				PRODUCT_NAME = "$(TARGET_NAME)";
				SWIFT_VERSION = 4.2;
				TARGETED_DEVICE_FAMILY = "1,2";
			};
			name = Release;
		};
/* End XCBuildConfiguration section */

/* Begin XCConfigurationList section */
		FA0DA0B1248E5BBE00F05BCB /* Build configuration list for PBXProject "PaymentTest" */ = {
			isa = XCConfigurationList;
			buildConfigurations = (
				FA0DA0C8248E5BC000F05BCB /* Debug */,
				FA0DA0C9248E5BC000F05BCB /* Release */,
			);
			defaultConfigurationIsVisible = 0;
			defaultConfigurationName = Release;
		};
		FA0DA0CA248E5BC000F05BCB /* Build configuration list for PBXNativeTarget "PaymentTest" */ = {
			isa = XCConfigurationList;
			buildConfigurations = (
				FA0DA0CB248E5BC000F05BCB /* Debug */,
				FA0DA0CC248E5BC000F05BCB /* Release */,
			);
			defaultConfigurationIsVisible = 0;
			defaultConfigurationName = Release;
		};
/* End XCConfigurationList section */
	};
	rootObject = FA0DA0AE248E5BBE00F05BCB /* Project object */;
}
