// !$*UTF8*$!
{
	archiveVersion = 1;
	classes = {
	};
	objectVersion = 50;
	objects = {

/* Begin PBXBuildFile section */
		FA0DA0BA248E5BBE00F05BCB /* AppDelegate.swift in Sources */ = {isa = PBXBuildFile; fileRef = FA0DA0B9248E5BBE00F05BCB /* AppDelegate.swift */; };
		FA0DA0BC248E5BBE00F05BCB /* SceneDelegate.swift in Sources */ = {isa = PBXBuildFile; fileRef = FA0DA0BB248E5BBE00F05BCB /* SceneDelegate.swift */; };
		FA0DA0BE248E5BBE00F05BCB /* ViewController.swift in Sources */ = {isa = PBXBuildFile; fileRef = FA0DA0BD248E5BBE00F05BCB /* ViewController.swift */; };
		FA0DA0C1248E5BBE00F05BCB /* Main.storyboard in Resources */ = {isa = PBXBuildFile; fileRef = FA0DA0BF248E5BBE00F05BCB /* Main.storyboard */; };
		FA0DA0C3248E5BC000F05BCB /* Assets.xcassets in Resources */ = {isa = PBXBuildFile; fileRef = FA0DA0C2248E5BC000F05BCB /* Assets.xcassets */; };
		FA0DA0C6248E5BC000F05BCB /* LaunchScreen.storyboard in Resources */ = {isa = PBXBuildFile; fileRef = FA0DA0C4248E5BC000F05BCB /* LaunchScreen.storyboard */; };
/* End PBXBuildFile section */

/* Begin PBXFileReference section */
		FA0DA0B6248E5BBE00F05BCB /* PaymentTest.app */ = {isa = PBXFileReference; explicitFileType = wrapper.application; includeInIndex = 0; path = PaymentTest.app; sourceTree = BUILT_PRODUCTS_DIR; };
		FA0DA0B9248E5BBE00F05BCB /* AppDelegate.swift */ = {isa = PBXFileReference; lastKnownFileType = sourcecode.swift; path = AppDelegate.swift; sourceTree = "<group>"; };
		FA0DA0BB248E5BBE00F05BCB /* SceneDelegate.swift */ = {isa = PBXFileReference; lastKnownFileType = sourcecode.swift; path = SceneDelegate.swift; sourceTree = "<group>"; };
		FA0DA0BD248E5BBE00F05BCB /* ViewController.swift */ = {isa = PBXFileReference; lastKnownFileType = sourcecode.swift; path = ViewController.swift; sourceTree = "<group>"; };
		FA0DA0C0248E5BBE00F05BCB /* Base */ = {isa = PBXFileReference; lastKnownFileType = file.storyboard; name = Base; path = Base.lproj/Main.storyboard; sourceTree = "<group>"; };
		FA0DA0C2248E5BC000F05BCB /* Assets.xcassets */ = {isa = PBXFileReference; lastKnownFileType = folder.assetcatalog; path = Assets.xcassets; sourceTree = "<group>"; };
		FA0DA0C5248E5BC000F05BCB /* Base */ = {isa = PBXFileReference; lastKnownFileType = file.storyboard; name = Base; path = Base.lproj/LaunchScreen.storyboard; sourceTree = "<group>"; };
		FA0DA0C7248E5BC000F05BCB /* Info.plist */ = {isa = PBXFileReference; lastKnownFileType = text.plist.xml; path = Info.plist; sourceTree = "<group>"; };
/* End PBXFileReference section */

/* Begin PBXFrameworksBuildPhase section */
		FA0DA0B3248E5BBE00F05BCB /* Frameworks */ = {
			isa = PBXFrameworksBuildPhase;
			buildActionMask = 2147483647;
			files = (
			);
			runOnlyForDeploymentPostprocessing = 0;
		};
/* End PBXFrameworksBuildPhase section */

/* Begin PBXGroup section */
		FA0DA0AD248E5BBE00F05BCB = {
			isa = PBXGroup;
			children = (
				FA0DA0B8248E5BBE00F05BCB /* PaymentTest */,
				FA0DA0B7248E5BBE00F05BCB /* Products */,
			);
			sourceTree = "<group>";
		};
		FA0DA0B7248E5BBE00F05BCB /* Products */ = {
			isa = PBXGroup;
			children = (
				FA0DA0B6248E5BBE00F05BCB /* PaymentTest.app */,
			);
			name = Products;
			sourceTree = "<group>";
		};
		FA0DA0B8248E5BBE00F05BCB /* PaymentTest */ = {
			isa = PBXGroup;
			children = (
				FA0DA0B9248E5BBE00F05BCB /* AppDelegate.swift */,
				FA0DA0BB248E5BBE00F05BCB /* SceneDelegate.swift */,
				FA0DA0BD248E5BBE00F05BCB /* ViewController.swift */,
				FA0DA0BF248E5BBE00F05BCB /* Main.storyboard */,
				FA0DA0C2248E5BC000F05BCB /* Assets.xcassets */,
				FA0DA0C4248E5BC000F05BCB /* LaunchScreen.storyboard */,
				FA0DA0C7248E5BC000F05BCB /* Info.plist */,
			);
			path = PaymentTest;
			sourceTree = "<group>";
		};
/* End PBXGroup section */

/* Begin PBXNativeTarget section */
		FA0DA0B5248E5BBE00F05BCB /* PaymentTest */ = {
			isa = PBXNativeTarget;
			buildConfigurationList = FA0DA0CA248E5BC000F05BCB /* Build configuration list for PBXNativeTarget "PaymentTest" */;
			buildPhases = (
				FA0DA0B2248E5BBE00F05BCB /* Sources */,
				FA0DA0B3248E5BBE00F05BCB /* Frameworks */,
				FA0DA0B4248E5BBE00F05BCB /* Resources */,
			);
			buildRules = (
			);
			dependencies = (
			);
			name = PaymentTest;
			productName = PaymentTest;
			productReference = FA0DA0B6248E5BBE00F05BCB /* PaymentTest.app */;
			productType = "com.apple.product-type.application";
		};
/* End PBXNativeTarget section */

/* Begin PBXProject section */
		FA0DA0AE248E5BBE00F05BCB /* Project object */ = {
			isa = PBXProject;
			attributes = {
				LastSwiftUpdateCheck = 1130;
				LastUpgradeCheck = 1130;
				ORGANIZATIONNAME = Egor;
				TargetAttributes = {
					FA0DA0B5248E5BBE00F05BCB = {
						CreatedOnToolsVersion = 11.3.1;
					};
				};
			};
			buildConfigurationList = FA0DA0B1248E5BBE00F05BCB /* Build configuration list for PBXProject "PaymentTest" */;
			compatibilityVersion = "Xcode 9.3";
			developmentRegion = en;
			hasScannedForEncodings = 0;
			knownRegions = (
				en,
				Base,
			);
			mainGroup = FA0DA0AD248E5BBE00F05BCB;
			productRefGroup = FA0DA0B7248E5BBE00F05BCB /* Products */;
			projectDirPath = "";
			projectRoot = "";
			targets = (
				FA0DA0B5248E5BBE00F05BCB /* PaymentTest */,
			);
		};
/* End PBXProject section */

/* Begin PBXResourcesBuildPhase section */
		FA0DA0B4248E5BBE00F05BCB /* Resources */ = {
			isa = PBXResourcesBuildPhase;
			buildActionMask = 2147483647;
			files = (
				FA0DA0C6248E5BC000F05BCB /* LaunchScreen.storyboard in Resources */,
				FA0DA0C3248E5BC000F05BCB /* Assets.xcassets in Resources */,
				FA0DA0C1248E5BBE00F05BCB /* Main.storyboard in Resources */,
			);
			runOnlyForDeploymentPostprocessing = 0;
		};
/* End PBXResourcesBuildPhase section */

/* Begin PBXSourcesBuildPhase section */
		FA0DA0B2248E5BBE00F05BCB /* Sources */ = {
			isa = PBXSourcesBuildPhase;
			buildActionMask = 2147483647;
			files = (
				FA0DA0BE248E5BBE00F05BCB /* ViewController.swift in Sources */,
				FA0DA0BA248E5BBE00F05BCB /* AppDelegate.swift in Sources */,
				FA0DA0BC248E5BBE00F05BCB /* SceneDelegate.swift in Sources */,
			);
			runOnlyForDeploymentPostprocessing = 0;
		};
/* End PBXSourcesBuildPhase section */

/* Begin PBXVariantGroup section */
		FA0DA0BF248E5BBE00F05BCB /* Main.storyboard */ = {
			isa = PBXVariantGroup;
			children = (
				FA0DA0C0248E5BBE00F05BCB /* Base */,
			);
			name = Main.storyboard;
			sourceTree = "<group>";
		};
		FA0DA0C4248E5BC000F05BCB /* LaunchScreen.storyboard */ = {
			isa = PBXVariantGroup;
			children = (
				FA0DA0C5248E5BC000F05BCB /* Base */,
			);
			name = LaunchScreen.storyboard;
			sourceTree = "<group>";
		};
/* End PBXVariantGroup section */

/* Begin XCBuildConfiguration section */
		FA0DA0C8248E5BC000F05BCB /* Debug */ = {
			isa = XCBuildConfiguration;
			buildSettings = {
				ALWAYS_SEARCH_USER_PATHS = NO;
				CLANG_ANALYZER_NONNULL = YES;
				CLANG_ANALYZER_NUMBER_OBJECT_CONVERSION = YES_AGGRESSIVE;
				CLANG_CXX_LANGUAGE_STANDARD = "gnu++14";
				CLANG_CXX_LIBRARY = "libc++";
				CLANG_ENABLE_MODULES = YES;
				CLANG_ENABLE_OBJC_ARC = YES;
				CLANG_ENABLE_OBJC_WEAK = YES;
				CLANG_WARN_BLOCK_CAPTURE_AUTORELEASING = YES;
				CLANG_WARN_BOOL_CONVERSION = YES;
				CLANG_WARN_COMMA = YES;
				CLANG_WARN_CONSTANT_CONVERSION = YES;
				CLANG_WARN_DEPRECATED_OBJC_IMPLEMENTATIONS = YES;
				CLANG_WARN_DIRECT_OBJC_ISA_USAGE = YES_ERROR;
				CLANG_WARN_DOCUMENTATION_COMMENTS = YES;
				CLANG_WARN_EMPTY_BODY = YES;
				CLANG_WARN_ENUM_CONVERSION = YES;
				CLANG_WARN_INFINITE_RECURSION = YES;
				CLANG_WARN_INT_CONVERSION = YES;
				CLANG_WARN_NON_LITERAL_NULL_CONVERSION = YES;
				CLANG_WARN_OBJC_IMPLICIT_RETAIN_SELF = YES;
				CLANG_WARN_OBJC_LITERAL_CONVERSION = YES;
				CLANG_WARN_OBJC_ROOT_CLASS = YES_ERROR;
				CLANG_WARN_RANGE_LOOP_ANALYSIS = YES;
				CLANG_WARN_STRICT_PROTOTYPES = YES;
				CLANG_WARN_SUSPICIOUS_MOVE = YES;
				CLANG_WARN_UNGUARDED_AVAILABILITY = YES_AGGRESSIVE;
				CLANG_WARN_UNREACHABLE_CODE = YES;
				CLANG_WARN__DUPLICATE_METHOD_MATCH = YES;
				COPY_PHASE_STRIP = NO;
				DEBUG_INFORMATION_FORMAT = dwarf;
				ENABLE_STRICT_OBJC_MSGSEND = YES;
				ENABLE_TESTABILITY = YES;
				GCC_C_LANGUAGE_STANDARD = gnu11;
				GCC_DYNAMIC_NO_PIC = NO;
				GCC_NO_COMMON_BLOCKS = YES;
				GCC_OPTIMIZATION_LEVEL = 0;
				GCC_PREPROCESSOR_DEFINITIONS = (
					"DEBUG=1",
					"$(inherited)",
				);
				GCC_WARN_64_TO_32_BIT_CONVERSION = YES;
				GCC_WARN_ABOUT_RETURN_TYPE = YES_ERROR;
				GCC_WARN_UNDECLARED_SELECTOR = YES;
				GCC_WARN_UNINITIALIZED_AUTOS = YES_AGGRESSIVE;
				GCC_WARN_UNUSED_FUNCTION = YES;
				GCC_WARN_UNUSED_VARIABLE = YES;
				IPHONEOS_DEPLOYMENT_TARGET = 13.2;
				MTL_ENABLE_DEBUG_INFO = INCLUDE_SOURCE;
				MTL_FAST_MATH = YES;
				ONLY_ACTIVE_ARCH = YES;
				SDKROOT = iphoneos;
				SWIFT_ACTIVE_COMPILATION_CONDITIONS = DEBUG;
				SWIFT_OPTIMIZATION_LEVEL = "-Onone";
			};
			name = Debug;
		};
		FA0DA0C9248E5BC000F05BCB /* Release */ = {
			isa = XCBuildConfiguration;
			buildSettings = {
				ALWAYS_SEARCH_USER_PATHS = NO;
				CLANG_ANALYZER_NONNULL = YES;
				CLANG_ANALYZER_NUMBER_OBJECT_CONVERSION = YES_AGGRESSIVE;
				CLANG_CXX_LANGUAGE_STANDARD = "gnu++14";
				CLANG_CXX_LIBRARY = "libc++";
				CLANG_ENABLE_MODULES = YES;
				CLANG_ENABLE_OBJC_ARC = YES;
				CLANG_ENABLE_OBJC_WEAK = YES;
				CLANG_WARN_BLOCK_CAPTURE_AUTORELEASING = YES;
				CLANG_WARN_BOOL_CONVERSION = YES;
				CLANG_WARN_COMMA = YES;
				CLANG_WARN_CONSTANT_CONVERSION = YES;
				CLANG_WARN_DEPRECATED_OBJC_IMPLEMENTATIONS = YES;
				CLANG_WARN_DIRECT_OBJC_ISA_USAGE = YES_ERROR;
				CLANG_WARN_DOCUMENTATION_COMMENTS = YES;
				CLANG_WARN_EMPTY_BODY = YES;
				CLANG_WARN_ENUM_CONVERSION = YES;
				CLANG_WARN_INFINITE_RECURSION = YES;
				CLANG_WARN_INT_CONVERSION = YES;
				CLANG_WARN_NON_LITERAL_NULL_CONVERSION = YES;
				CLANG_WARN_OBJC_IMPLICIT_RETAIN_SELF = YES;
				CLANG_WARN_OBJC_LITERAL_CONVERSION = YES;
				CLANG_WARN_OBJC_ROOT_CLASS = YES_ERROR;
				CLANG_WARN_RANGE_LOOP_ANALYSIS = YES;
				CLANG_WARN_STRICT_PROTOTYPES = YES;
				CLANG_WARN_SUSPICIOUS_MOVE = YES;
				CLANG_WARN_UNGUARDED_AVAILABILITY = YES_AGGRESSIVE;
				CLANG_WARN_UNREACHABLE_CODE = YES;
				CLANG_WARN__DUPLICATE_METHOD_MATCH = YES;
				COPY_PHASE_STRIP = NO;
				DEBUG_INFORMATION_FORMAT = "dwarf-with-dsym";
				ENABLE_NS_ASSERTIONS = NO;
				ENABLE_STRICT_OBJC_MSGSEND = YES;
				GCC_C_LANGUAGE_STANDARD = gnu11;
				GCC_NO_COMMON_BLOCKS = YES;
				GCC_WARN_64_TO_32_BIT_CONVERSION = YES;
				GCC_WARN_ABOUT_RETURN_TYPE = YES_ERROR;
				GCC_WARN_UNDECLARED_SELECTOR = YES;
				GCC_WARN_UNINITIALIZED_AUTOS = YES_AGGRESSIVE;
				GCC_WARN_UNUSED_FUNCTION = YES;
				GCC_WARN_UNUSED_VARIABLE = YES;
				IPHONEOS_DEPLOYMENT_TARGET = 13.2;
				MTL_ENABLE_DEBUG_INFO = NO;
				MTL_FAST_MATH = YES;
				SDKROOT = iphoneos;
				SWIFT_COMPILATION_MODE = wholemodule;
				SWIFT_OPTIMIZATION_LEVEL = "-O";
				VALIDATE_PRODUCT = YES;
			};
			name = Release;
		};
		FA0DA0CB248E5BC000F05BCB /* Debug */ = {
			isa = XCBuildConfiguration;
			buildSettings = {
				ASSETCATALOG_COMPILER_APPICON_NAME = AppIcon;
				CODE_SIGN_STYLE = Automatic;
				INFOPLIST_FILE = PaymentTest/Info.plist;
				LD_RUNPATH_SEARCH_PATHS = (
					"$(inherited)",
					"@executable_path/Frameworks",
				);
				PRODUCT_BUNDLE_IDENTIFIER = EGladun.PaymentTest;
				PRODUCT_NAME = "$(TARGET_NAME)";
				SWIFT_VERSION = 5.0;
				TARGETED_DEVICE_FAMILY = "1,2";
			};
			name = Debug;
		};
		FA0DA0CC248E5BC000F05BCB /* Release */ = {
			isa = XCBuildConfiguration;
			buildSettings = {
				ASSETCATALOG_COMPILER_APPICON_NAME = AppIcon;
				CODE_SIGN_STYLE = Automatic;
				INFOPLIST_FILE = PaymentTest/Info.plist;
				LD_RUNPATH_SEARCH_PATHS = (
					"$(inherited)",
					"@executable_path/Frameworks",
				);
				PRODUCT_BUNDLE_IDENTIFIER = EGladun.PaymentTest;
				PRODUCT_NAME = "$(TARGET_NAME)";
				SWIFT_VERSION = 5.0;
				TARGETED_DEVICE_FAMILY = "1,2";
			};
			name = Release;
		};
/* End XCBuildConfiguration section */

/* Begin XCConfigurationList section */
		FA0DA0B1248E5BBE00F05BCB /* Build configuration list for PBXProject "PaymentTest" */ = {
			isa = XCConfigurationList;
			buildConfigurations = (
				FA0DA0C8248E5BC000F05BCB /* Debug */,
				FA0DA0C9248E5BC000F05BCB /* Release */,
			);
			defaultConfigurationIsVisible = 0;
			defaultConfigurationName = Release;
		};
		FA0DA0CA248E5BC000F05BCB /* Build configuration list for PBXNativeTarget "PaymentTest" */ = {
			isa = XCConfigurationList;
			buildConfigurations = (
				FA0DA0CB248E5BC000F05BCB /* Debug */,
				FA0DA0CC248E5BC000F05BCB /* Release */,
			);
			defaultConfigurationIsVisible = 0;
			defaultConfigurationName = Release;
		};
/* End XCConfigurationList section */
	};
	rootObject = FA0DA0AE248E5BBE00F05BCB /* Project object */;
}
